{
  "originHash" : "01f286328852d165d87f8fbee99b01f9c2c936f57ac234f76396f74f9d2496dd",
  "pins" : [
    {
      "identity" : "hotkey",
      "kind" : "remoteSourceControl",
      "location" : "https://github.com/soffes/HotKey",
      "state" : {
        "revision" : "a3cf605d7a96f6ff50e04fcb6dea6e2613cfcbe4",
        "version" : "0.2.1"
      }
    }
  ],
  "version" : 3
}
